github.com/zztkm/soopentui v0.1.0 h1:gR2NP4CqE0FkkX0eWtqGuqWwYhsNG3UXs8/1BUtoeBQ=
github.com/zztkm/soopentui v0.1.0/go.mod h1:FcBdork+Urh1zHBwaFwOZi3thV+Vgu9MBqylboLf/Sw=
solod.dev v0.2.1-0.20260717133535-cfba27355b07 h1:Dq1vZKRb/LT33lH97S4pFDu0xLlDB3aBS/FVskKB+7c=
solod.dev v0.2.1-0.20260717133535-cfba27355b07/go.mod h1:F8sRRT/id2KwekSYlEjE63QLLQawzYaMgpKq75Yl3Hg=
